Microsoft Visual Studio Solution File, Format Version 11.00
# Visual Studio 2008

Project("{C64AC207-67C0-C513-EE0A-387B2FBA0A3A}") = "MeshDataUno", "Assembly-CSharp-firstpass.csproj", "{B37E8080-115E-87B7-CDA2-315179D2F93C}"
EndProject
Project("{C64AC207-67C0-C513-EE0A-387B2FBA0A3A}") = "MeshDataUno", "Assembly-CSharp.csproj", "{1BE243E5-F863-1846-813C-43B027D1D631}"
EndProject
Project("{C64AC207-67C0-C513-EE0A-387B2FBA0A3A}") = "MeshDataUno", "Assembly-UnityScript.unityproj", "{6A44CBC5-6BF5-E5AE-EA04-59F2163DFCB7}"
EndProject
Global
	GlobalSection(SolutionConfigurationPlatforms) = preSolution
		Debug|Any CPU = Debug|Any CPU
		Release|Any CPU = Release|Any CPU
	EndGlobalSection
	GlobalSection(ProjectConfigurationPlatforms) = postSolution
		{B37E8080-115E-87B7-CDA2-315179D2F93C}.Debug|Any CPU.ActiveCfg = Debug|Any CPU
		{B37E8080-115E-87B7-CDA2-315179D2F93C}.Debug|Any CPU.Build.0 = Debug|Any CPU
		{B37E8080-115E-87B7-CDA2-315179D2F93C}.Release|Any CPU.ActiveCfg = Release|Any CPU
		{B37E8080-115E-87B7-CDA2-315179D2F93C}.Release|Any CPU.Build.0 = Release|Any CPU
		{1BE243E5-F863-1846-813C-43B027D1D631}.Debug|Any CPU.ActiveCfg = Debug|Any CPU
		{1BE243E5-F863-1846-813C-43B027D1D631}.Debug|Any CPU.Build.0 = Debug|Any CPU
		{1BE243E5-F863-1846-813C-43B027D1D631}.Release|Any CPU.ActiveCfg = Release|Any CPU
		{1BE243E5-F863-1846-813C-43B027D1D631}.Release|Any CPU.Build.0 = Release|Any CPU
		{6A44CBC5-6BF5-E5AE-EA04-59F2163DFCB7}.Debug|Any CPU.ActiveCfg = Debug|Any CPU
		{6A44CBC5-6BF5-E5AE-EA04-59F2163DFCB7}.Debug|Any CPU.Build.0 = Debug|Any CPU
		{6A44CBC5-6BF5-E5AE-EA04-59F2163DFCB7}.Release|Any CPU.ActiveCfg = Release|Any CPU
		{6A44CBC5-6BF5-E5AE-EA04-59F2163DFCB7}.Release|Any CPU.Build.0 = Release|Any CPU
	EndGlobalSection
	GlobalSection(SolutionProperties) = preSolution
		HideSolutionNode = FALSE
	EndGlobalSection
																																									GlobalSection(MonoDevelopProperties) = preSolution
		StartupItem = Assembly-CSharp.csproj
		Policies = $0
		$0.TextStylePolicy = $1
		$1.inheritsSet = null
		$1.scope = text/x-csharp
		$0.CSharpFormattingPolicy = $2
		$2.inheritsSet = Mono
		$2.inheritsScope = text/x-csharp
		$2.scope = text/x-csharp
		$0.TextStylePolicy = $3
		$3.FileWidth = 120
		$3.TabWidth = 4
		$3.EolMarker = Unix
		$3.inheritsSet = Mono
		$3.inheritsScope = text/plain
		$3.scope = text/plain
	EndGlobalSection

EndGlobal
